// !$*UTF8*$!
{
	archiveVersion = 1;
	classes = {
	};
	objectVersion = 46;
	objects = {

/* Begin PBXBuildFile section */
		37A757C91B7E9E3F00A3FE5B /* AppDelegate.swift in Sources */ = {isa = PBXBuildFile; fileRef = 37A757C81B7E9E3F00A3FE5B /* AppDelegate.swift */; };
		37A757CB1B7E9E3F00A3FE5B /* ViewController.swift in Sources */ = {isa = PBXBuildFile; fileRef = 37A757CA1B7E9E3F00A3FE5B /* ViewController.swift */; };
		37A757CE1B7E9E3F00A3FE5B /* Main.storyboard in Resources */ = {isa = PBXBuildFile; fileRef = 37A757CC1B7E9E3F00A3FE5B /* Main.storyboard */; };
		37A757D01B7E9E3F00A3FE5B /* Images.xcassets in Resources */ = {isa = PBXBuildFile; fileRef = 37A757CF1B7E9E3F00A3FE5B /* Images.xcassets */; };
		37A757D31B7E9E3F00A3FE5B /* LaunchScreen.xib in Resources */ = {isa = PBXBuildFile; fileRef = 37A757D11B7E9E3F00A3FE5B /* LaunchScreen.xib */; };
		37A757DF1B7E9E3F00A3FE5B /* recover_countTests.swift in Sources */ = {isa = PBXBuildFile; fileRef = 37A757DE1B7E9E3F00A3FE5B /* recover_countTests.swift */; };
/* End PBXBuildFile section */

/* Begin PBXContainerItemProxy section */
		37A757D91B7E9E3F00A3FE5B /* PBXContainerItemProxy */ = {
			isa = PBXContainerItemProxy;
			containerPortal = 37A757BB1B7E9E3F00A3FE5B /* Project object */;
			proxyType = 1;
			remoteGlobalIDString = 37A757C21B7E9E3F00A3FE5B;
			remoteInfo = "recover count";
		};
/* End PBXContainerItemProxy section */

/* Begin PBXFileReference section */
		37A757C31B7E9E3F00A3FE5B /* recover count.app */ = {isa = PBXFileReference; explicitFileType = wrapper.application; includeInIndex = 0; path = "recover count.app"; sourceTree = BUILT_PRODUCTS_DIR; };
		37A757C71B7E9E3F00A3FE5B /* Info.plist */ = {isa = PBXFileReference; lastKnownFileType = text.plist.xml; path = Info.plist; sourceTree = "<group>"; };
		37A757C81B7E9E3F00A3FE5B /* AppDelegate.swift */ = {isa = PBXFileReference; lastKnownFileType = sourcecode.swift; path = AppDelegate.swift; sourceTree = "<group>"; };
		37A757CA1B7E9E3F00A3FE5B /* ViewController.swift */ = {isa = PBXFileReference; lastKnownFileType = sourcecode.swift; path = ViewController.swift; sourceTree = "<group>"; };
		37A757CD1B7E9E3F00A3FE5B /* Base */ = {isa = PBXFileReference; lastKnownFileType = file.storyboard; name = Base; path = Base.lproj/Main.storyboard; sourceTree = "<group>"; };
		37A757CF1B7E9E3F00A3FE5B /* Images.xcassets */ = {isa = PBXFileReference; lastKnownFileType = folder.assetcatalog; path = Images.xcassets; sourceTree = "<group>"; };
		37A757D21B7E9E3F00A3FE5B /* Base */ = {isa = PBXFileReference; lastKnownFileType = file.xib; name = Base; path = Base.lproj/LaunchScreen.xib; sourceTree = "<group>"; };
		37A757D81B7E9E3F00A3FE5B /* recover countTests.xctest */ = {isa = PBXFileReference; explicitFileType = wrapper.cfbundle; includeInIndex = 0; path = "recover countTests.xctest"; sourceTree = BUILT_PRODUCTS_DIR; };
		37A757DD1B7E9E3F00A3FE5B /* Info.plist */ = {isa = PBXFileReference; lastKnownFileType = text.plist.xml; path = Info.plist; sourceTree = "<group>"; };
		37A757DE1B7E9E3F00A3FE5B /* recover_countTests.swift */ = {isa = PBXFileReference; lastKnownFileType = sourcecode.swift; path = recover_countTests.swift; sourceTree = "<group>"; };
/* End PBXFileReference section */

/* Begin PBXFrameworksBuildPhase section */
		37A757C01B7E9E3F00A3FE5B /* Frameworks */ = {
			isa = PBXFrameworksBuildPhase;
			buildActionMask = 2147483647;
			files = (
			);
			runOnlyForDeploymentPostprocessing = 0;
		};
		37A757D51B7E9E3F00A3FE5B /* Frameworks */ = {
			isa = PBXFrameworksBuildPhase;
			buildActionMask = 2147483647;
			files = (
			);
			runOnlyForDeploymentPostprocessing = 0;
		};
/* End PBXFrameworksBuildPhase section */

/* Begin PBXGroup section */
		37A757BA1B7E9E3F00A3FE5B = {
			isa = PBXGroup;
			children = (
				37A757C51B7E9E3F00A3FE5B /* recover count */,
				37A757DB1B7E9E3F00A3FE5B /* recover countTests */,
				37A757C41B7E9E3F00A3FE5B /* Products */,
			);
			sourceTree = "<group>";
		};
		37A757C41B7E9E3F00A3FE5B /* Products */ = {
			isa = PBXGroup;
			children = (
				37A757C31B7E9E3F00A3FE5B /* recover count.app */,
				37A757D81B7E9E3F00A3FE5B /* recover countTests.xctest */,
			);
			name = Products;
			sourceTree = "<group>";
		};
		37A757C51B7E9E3F00A3FE5B /* recover count */ = {
			isa = PBXGroup;
			children = (
				37A757C81B7E9E3F00A3FE5B /* AppDelegate.swift */,
				37A757CA1B7E9E3F00A3FE5B /* ViewController.swift */,
				37A757CC1B7E9E3F00A3FE5B /* Main.storyboard */,
				37A757CF1B7E9E3F00A3FE5B /* Images.xcassets */,
				37A757D11B7E9E3F00A3FE5B /* LaunchScreen.xib */,
				37A757C61B7E9E3F00A3FE5B /* Supporting Files */,
			);
			path = "recover count";
			sourceTree = "<group>";
		};
		37A757C61B7E9E3F00A3FE5B /* Supporting Files */ = {
			isa = PBXGroup;
			children = (
				37A757C71B7E9E3F00A3FE5B /* Info.plist */,
			);
			name = "Supporting Files";
			sourceTree = "<group>";
		};
		37A757DB1B7E9E3F00A3FE5B /* recover countTests */ = {
			isa = PBXGroup;
			children = (
				37A757DE1B7E9E3F00A3FE5B /* recover_countTests.swift */,
				37A757DC1B7E9E3F00A3FE5B /* Supporting Files */,
			);
			path = "recover countTests";
			sourceTree = "<group>";
		};
		37A757DC1B7E9E3F00A3FE5B /* Supporting Files */ = {
			isa = PBXGroup;
			children = (
				37A757DD1B7E9E3F00A3FE5B /* Info.plist */,
			);
			name = "Supporting Files";
			sourceTree = "<group>";
		};
/* End PBXGroup section */

/* Begin PBXNativeTarget section */
		37A757C21B7E9E3F00A3FE5B /* recover count */ = {
			isa = PBXNativeTarget;
			buildConfigurationList = 37A757E21B7E9E3F00A3FE5B /* Build configuration list for PBXNativeTarget "recover count" */;
			buildPhases = (
				37A757BF1B7E9E3F00A3FE5B /* Sources */,
				37A757C01B7E9E3F00A3FE5B /* Frameworks */,
				37A757C11B7E9E3F00A3FE5B /* Resources */,
			);
			buildRules = (
			);
			dependencies = (
			);
			name = "recover count";
			productName = "recover count";
			productReference = 37A757C31B7E9E3F00A3FE5B /* recover count.app */;
			productType = "com.apple.product-type.application";
		};
		37A757D71B7E9E3F00A3FE5B /* recover countTests */ = {
			isa = PBXNativeTarget;
			buildConfigurationList = 37A757E51B7E9E3F00A3FE5B /* Build configuration list for PBXNativeTarget "recover countTests" */;
			buildPhases = (
				37A757D41B7E9E3F00A3FE5B /* Sources */,
				37A757D51B7E9E3F00A3FE5B /* Frameworks */,
				37A757D61B7E9E3F00A3FE5B /* Resources */,
			);
			buildRules = (
			);
			dependencies = (
				37A757DA1B7E9E3F00A3FE5B /* PBXTargetDependency */,
			);
			name = "recover countTests";
			productName = "recover countTests";
			productReference = 37A757D81B7E9E3F00A3FE5B /* recover countTests.xctest */;
			productType = "com.apple.product-type.bundle.unit-test";
		};
/* End PBXNativeTarget section */

/* Begin PBXProject section */
		37A757BB1B7E9E3F00A3FE5B /* Project object */ = {
			isa = PBXProject;
			attributes = {
				LastUpgradeCheck = 0640;
				ORGANIZATIONNAME = "佐藤　玲奈";
				TargetAttributes = {
					37A757C21B7E9E3F00A3FE5B = {
						CreatedOnToolsVersion = 6.4;
					};
					37A757D71B7E9E3F00A3FE5B = {
						CreatedOnToolsVersion = 6.4;
						TestTargetID = 37A757C21B7E9E3F00A3FE5B;
					};
				};
			};
			buildConfigurationList = 37A757BE1B7E9E3F00A3FE5B /* Build configuration list for PBXProject "recover count" */;
			compatibilityVersion = "Xcode 3.2";
			developmentRegion = English;
			hasScannedForEncodings = 0;
			knownRegions = (
				en,
				Base,
			);
			mainGroup = 37A757BA1B7E9E3F00A3FE5B;
			productRefGroup = 37A757C41B7E9E3F00A3FE5B /* Products */;
			projectDirPath = "";
			projectRoot = "";
			targets = (
				37A757C21B7E9E3F00A3FE5B /* recover count */,
				37A757D71B7E9E3F00A3FE5B /* recover countTests */,
			);
		};
/* End PBXProject section */

/* Begin PBXResourcesBuildPhase section */
		37A757C11B7E9E3F00A3FE5B /* Resources */ = {
			isa = PBXResourcesBuildPhase;
			buildActionMask = 2147483647;
			files = (
				37A757CE1B7E9E3F00A3FE5B /* Main.storyboard in Resources */,
				37A757D31B7E9E3F00A3FE5B /* LaunchScreen.xib in Resources */,
				37A757D01B7E9E3F00A3FE5B /* Images.xcassets in Resources */,
			);
			runOnlyForDeploymentPostprocessing = 0;
		};
		37A757D61B7E9E3F00A3FE5B /* Resources */ = {
			isa = PBXResourcesBuildPhase;
			buildActionMask = 2147483647;
			files = (
			);
			runOnlyForDeploymentPostprocessing = 0;
		};
/* End PBXResourcesBuildPhase section */

/* Begin PBXSourcesBuildPhase section */
		37A757BF1B7E9E3F00A3FE5B /* Sources */ = {
			isa = PBXSourcesBuildPhase;
			buildActionMask = 2147483647;
			files = (
				37A757CB1B7E9E3F00A3FE5B /* ViewController.swift in Sources */,
				37A757C91B7E9E3F00A3FE5B /* AppDelegate.swift in Sources */,
			);
			runOnlyForDeploymentPostprocessing = 0;
		};
		37A757D41B7E9E3F00A3FE5B /* Sources */ = {
			isa = PBXSourcesBuildPhase;
			buildActionMask = 2147483647;
			files = (
				37A757DF1B7E9E3F00A3FE5B /* recover_countTests.swift in Sources */,
			);
			runOnlyForDeploymentPostprocessing = 0;
		};
/* End PBXSourcesBuildPhase section */

/* Begin PBXTargetDependency section */
		37A757DA1B7E9E3F00A3FE5B /* PBXTargetDependency */ = {
			isa = PBXTargetDependency;
			target = 37A757C21B7E9E3F00A3FE5B /* recover count */;
			targetProxy = 37A757D91B7E9E3F00A3FE5B /* PBXContainerItemProxy */;
		};
/* End PBXTargetDependency section */

/* Begin PBXVariantGroup section */
		37A757CC1B7E9E3F00A3FE5B /* Main.storyboard */ = {
			isa = PBXVariantGroup;
			children = (
				37A757CD1B7E9E3F00A3FE5B /* Base */,
			);
			name = Main.storyboard;
			sourceTree = "<group>";
		};
		37A757D11B7E9E3F00A3FE5B /* LaunchScreen.xib */ = {
			isa = PBXVariantGroup;
			children = (
				37A757D21B7E9E3F00A3FE5B /* Base */,
			);
			name = LaunchScreen.xib;
			sourceTree = "<group>";
		};
/* End PBXVariantGroup section */

/* Begin XCBuildConfiguration section */
		37A757E01B7E9E3F00A3FE5B /* Debug */ = {
			isa = XCBuildConfiguration;
			buildSettings = {
				ALWAYS_SEARCH_USER_PATHS = NO;
				CLANG_CXX_LANGUAGE_STANDARD = "gnu++0x";
				CLANG_CXX_LIBRARY = "libc++";
				CLANG_ENABLE_MODULES = YES;
				CLANG_ENABLE_OBJC_ARC = YES;
				CLANG_WARN_BOOL_CONVERSION = YES;
				CLANG_WARN_CONSTANT_CONVERSION = YES;
				CLANG_WARN_DIRECT_OBJC_ISA_USAGE = YES_ERROR;
				CLANG_WARN_EMPTY_BODY = YES;
				CLANG_WARN_ENUM_CONVERSION = YES;
				CLANG_WARN_INT_CONVERSION = YES;
				CLANG_WARN_OBJC_ROOT_CLASS = YES_ERROR;
				CLANG_WARN_UNREACHABLE_CODE = YES;
				CLANG_WARN__DUPLICATE_METHOD_MATCH = YES;
				"CODE_SIGN_IDENTITY[sdk=iphoneos*]" = "iPhone Developer";
				COPY_PHASE_STRIP = NO;
				DEBUG_INFORMATION_FORMAT = "dwarf-with-dsym";
				ENABLE_STRICT_OBJC_MSGSEND = YES;
				GCC_C_LANGUAGE_STANDARD = gnu99;
				GCC_DYNAMIC_NO_PIC = NO;
				GCC_NO_COMMON_BLOCKS = YES;
				GCC_OPTIMIZATION_LEVEL = 0;
				GCC_PREPROCESSOR_DEFINITIONS = (
					"DEBUG=1",
					"$(inherited)",
				);
				GCC_SYMBOLS_PRIVATE_EXTERN = NO;
				GCC_WARN_64_TO_32_BIT_CONVERSION = YES;
				GCC_WARN_ABOUT_RETURN_TYPE = YES_ERROR;
				GCC_WARN_UNDECLARED_SELECTOR = YES;
				GCC_WARN_UNINITIALIZED_AUTOS = YES_AGGRESSIVE;
				GCC_WARN_UNUSED_FUNCTION = YES;
				GCC_WARN_UNUSED_VARIABLE = YES;
				IPHONEOS_DEPLOYMENT_TARGET = 8.4;
				MTL_ENABLE_DEBUG_INFO = YES;
				ONLY_ACTIVE_ARCH = YES;
				SDKROOT = iphoneos;
				SWIFT_OPTIMIZATION_LEVEL = "-Onone";
			};
			name = Debug;
		};
		37A757E11B7E9E3F00A3FE5B /* Release */ = {
			isa = XCBuildConfiguration;
			buildSettings = {
				ALWAYS_SEARCH_USER_PATHS = NO;
				CLANG_CXX_LANGUAGE_STANDARD = "gnu++0x";
				CLANG_CXX_LIBRARY = "libc++";
				CLANG_ENABLE_MODULES = YES;
				CLANG_ENABLE_OBJC_ARC = YES;
				CLANG_WARN_BOOL_CONVERSION = YES;
				CLANG_WARN_CONSTANT_CONVERSION = YES;
				CLANG_WARN_DIRECT_OBJC_ISA_USAGE = YES_ERROR;
				CLANG_WARN_EMPTY_BODY = YES;
				CLANG_WARN_ENUM_CONVERSION = YES;
				CLANG_WARN_INT_CONVERSION = YES;
				CLANG_WARN_OBJC_ROOT_CLASS = YES_ERROR;
				CLANG_WARN_UNREACHABLE_CODE = YES;
				CLANG_WARN__DUPLICATE_METHOD_MATCH = YES;
				"CODE_SIGN_IDENTITY[sdk=iphoneos*]" = "iPhone Developer";
				COPY_PHASE_STRIP = NO;
				DEBUG_INFORMATION_FORMAT = "dwarf-with-dsym";
				ENABLE_NS_ASSERTIONS = NO;
				ENABLE_STRICT_OBJC_MSGSEND = YES;
				GCC_C_LANGUAGE_STANDARD = gnu99;
				GCC_NO_COMMON_BLOCKS = YES;
				GCC_WARN_64_TO_32_BIT_CONVERSION = YES;
				GCC_WARN_ABOUT_RETURN_TYPE = YES_ERROR;
				GCC_WARN_UNDECLARED_SELECTOR = YES;
				GCC_WARN_UNINITIALIZED_AUTOS = YES_AGGRESSIVE;
				GCC_WARN_UNUSED_FUNCTION = YES;
				GCC_WARN_UNUSED_VARIABLE = YES;
				IPHONEOS_DEPLOYMENT_TARGET = 8.4;
				MTL_ENABLE_DEBUG_INFO = NO;
				SDKROOT = iphoneos;
				VALIDATE_PRODUCT = YES;
			};
			name = Release;
		};
		37A757E31B7E9E3F00A3FE5B /* Debug */ = {
			isa = XCBuildConfiguration;
			buildSettings = {
				ASSETCATALOG_COMPILER_APPICON_NAME = AppIcon;
				INFOPLIST_FILE = "recover count/Info.plist";
				LD_RUNPATH_SEARCH_PATHS = "$(inherited) @executable_path/Frameworks";
				PRODUCT_NAME = "$(TARGET_NAME)";
			};
			name = Debug;
		};
		37A757E41B7E9E3F00A3FE5B /* Release */ = {
			isa = XCBuildConfiguration;
			buildSettings = {
				ASSETCATALOG_COMPILER_APPICON_NAME = AppIcon;
				INFOPLIST_FILE = "recover count/Info.plist";
				LD_RUNPATH_SEARCH_PATHS = "$(inherited) @executable_path/Frameworks";
				PRODUCT_NAME = "$(TARGET_NAME)";
			};
			name = Release;
		};
		37A757E61B7E9E3F00A3FE5B /* Debug */ = {
			isa = XCBuildConfiguration;
			buildSettings = {
				BUNDLE_LOADER = "$(TEST_HOST)";
				FRAMEWORK_SEARCH_PATHS = (
					"$(SDKROOT)/Developer/Library/Frameworks",
					"$(inherited)",
				);
				GCC_PREPROCESSOR_DEFINITIONS = (
					"DEBUG=1",
					"$(inherited)",
				);
				INFOPLIST_FILE = "recover countTests/Info.plist";
				LD_RUNPATH_SEARCH_PATHS = "$(inherited) @executable_path/Frameworks @loader_path/Frameworks";
				PRODUCT_NAME = "$(TARGET_NAME)";
				TEST_HOST = "$(BUILT_PRODUCTS_DIR)/recover count.app/recover count";
			};
			name = Debug;
		};
		37A757E71B7E9E3F00A3FE5B /* Release */ = {
			isa = XCBuildConfiguration;
			buildSettings = {
				BUNDLE_LOADER = "$(TEST_HOST)";
				FRAMEWORK_SEARCH_PATHS = (
					"$(SDKROOT)/Developer/Library/Frameworks",
					"$(inherited)",
				);
				INFOPLIST_FILE = "recover countTests/Info.plist";
				LD_RUNPATH_SEARCH_PATHS = "$(inherited) @executable_path/Frameworks @loader_path/Frameworks";
				PRODUCT_NAME = "$(TARGET_NAME)";
				TEST_HOST = "$(BUILT_PRODUCTS_DIR)/recover count.app/recover count";
			};
			name = Release;
		};
/* End XCBuildConfiguration section */

/* Begin XCConfigurationList section */
		37A757BE1B7E9E3F00A3FE5B /* Build configuration list for PBXProject "recover count" */ = {
			isa = XCConfigurationList;
			buildConfigurations = (
				37A757E01B7E9E3F00A3FE5B /* Debug */,
				37A757E11B7E9E3F00A3FE5B /* Release */,
			);
			defaultConfigurationIsVisible = 0;
			defaultConfigurationName = Release;
		};
		37A757E21B7E9E3F00A3FE5B /* Build configuration list for PBXNativeTarget "recover count" */ = {
			isa = XCConfigurationList;
			buildConfigurations = (
				37A757E31B7E9E3F00A3FE5B /* Debug */,
				37A757E41B7E9E3F00A3FE5B /* Release */,
			);
			defaultConfigurationIsVisible = 0;
		};
		37A757E51B7E9E3F00A3FE5B /* Build configuration list for PBXNativeTarget "recover countTests" */ = {
			isa = XCConfigurationList;
			buildConfigurations = (
				37A757E61B7E9E3F00A3FE5B /* Debug */,
				37A757E71B7E9E3F00A3FE5B /* Release */,
			);
			defaultConfigurationIsVisible = 0;
		};
/* End XCConfigurationList section */
	};
	rootObject = 37A757BB1B7E9E3F00A3FE5B /* Project object */;
}
